
Microsoft Visual Studio Solution File, Format Version 12.00
# Visual Studio 15
VisualStudioVersion = 15.0.27428.2043
MinimumVisualStudioVersion = 10.0.40219.1
Project("{FAE04EC0-301F-11D3-BF4B-00C04F79EFBC}") = "ETFKupon", "ETFKupon\ETFKupon.csproj", "{3B4CE17B-C436-44DB-9614-4D8F56CE5C10}"
EndProject
Global
	GlobalSection(SolutionConfigurationPlatforms) = preSolution
		Debug|Any CPU = Debug|Any CPU
		Release|Any CPU = Release|Any CPU
	EndGlobalSection
	GlobalSection(ProjectConfigurationPlatforms) = postSolution
		{3B4CE17B-C436-44DB-9614-4D8F56CE5C10}.Debug|Any CPU.ActiveCfg = Debug|Any CPU
		{3B4CE17B-C436-44DB-9614-4D8F56CE5C10}.Debug|Any CPU.Build.0 = Debug|Any CPU
		{3B4CE17B-C436-44DB-9614-4D8F56CE5C10}.Release|Any CPU.ActiveCfg = Release|Any CPU
		{3B4CE17B-C436-44DB-9614-4D8F56CE5C10}.Release|Any CPU.Build.0 = Release|Any CPU
	EndGlobalSection
	GlobalSection(SolutionProperties) = preSolution
		HideSolutionNode = FALSE
	EndGlobalSection
	GlobalSection(ExtensibilityGlobals) = postSolution
		SolutionGuid = {807DAFF7-6742-43CF-83CB-D7932D8EA4AC}
	EndGlobalSection
EndGlobal
